// !$*UTF8*$!
{
	archiveVersion = 1;
	classes = {
	};
	objectVersion = 50;
	objects = {

/* Begin PBXBuildFile section */
		FC43234022E48B7A00676302 /* ReblazeSDK.framework in Frameworks */ = {isa = PBXBuildFile; fileRef = FC43233F22E48B7A00676302 /* ReblazeSDK.framework */; };
		FC43234122E48B7A00676302 /* ReblazeSDK.framework in Embed Frameworks */ = {isa = PBXBuildFile; fileRef = FC43233F22E48B7A00676302 /* ReblazeSDK.framework */; settings = {ATTRIBUTES = (CodeSignOnCopy, RemoveHeadersOnCopy, ); }; };
		FC7924DC2280472500F4CF03 /* AppDelegate.swift in Sources */ = {isa = PBXBuildFile; fileRef = FC7924DB2280472500F4CF03 /* AppDelegate.swift */; };
		FC7924DE2280472500F4CF03 /* ViewController.swift in Sources */ = {isa = PBXBuildFile; fileRef = FC7924DD2280472500F4CF03 /* ViewController.swift */; };
		FC7924E12280472500F4CF03 /* Main.storyboard in Resources */ = {isa = PBXBuildFile; fileRef = FC7924DF2280472500F4CF03 /* Main.storyboard */; };
		FC7924E32280472600F4CF03 /* Assets.xcassets in Resources */ = {isa = PBXBuildFile; fileRef = FC7924E22280472600F4CF03 /* Assets.xcassets */; };
		FC7924E62280472600F4CF03 /* LaunchScreen.storyboard in Resources */ = {isa = PBXBuildFile; fileRef = FC7924E42280472600F4CF03 /* LaunchScreen.storyboard */; };
		FC7924F12280472600F4CF03 /* ReblazeSDK_ExampleTests.swift in Sources */ = {isa = PBXBuildFile; fileRef = FC7924F02280472600F4CF03 /* ReblazeSDK_ExampleTests.swift */; };
		FC7924FC2280472600F4CF03 /* ReblazeSDK_ExampleUITests.swift in Sources */ = {isa = PBXBuildFile; fileRef = FC7924FB2280472600F4CF03 /* ReblazeSDK_ExampleUITests.swift */; };
/* End PBXBuildFile section */

/* Begin PBXContainerItemProxy section */
		FC7924ED2280472600F4CF03 /* PBXContainerItemProxy */ = {
			isa = PBXContainerItemProxy;
			containerPortal = FC7924D02280472500F4CF03 /* Project object */;
			proxyType = 1;
			remoteGlobalIDString = FC7924D72280472500F4CF03;
			remoteInfo = "ReblazeSDK-Example";
		};
		FC7924F82280472600F4CF03 /* PBXContainerItemProxy */ = {
			isa = PBXContainerItemProxy;
			containerPortal = FC7924D02280472500F4CF03 /* Project object */;
			proxyType = 1;
			remoteGlobalIDString = FC7924D72280472500F4CF03;
			remoteInfo = "ReblazeSDK-Example";
		};
/* End PBXContainerItemProxy section */

/* Begin PBXCopyFilesBuildPhase section */
		FC43234222E48B7A00676302 /* Embed Frameworks */ = {
			isa = PBXCopyFilesBuildPhase;
			buildActionMask = 2147483647;
			dstPath = "";
			dstSubfolderSpec = 10;
			files = (
				FC43234122E48B7A00676302 /* ReblazeSDK.framework in Embed Frameworks */,
			);
			name = "Embed Frameworks";
			runOnlyForDeploymentPostprocessing = 0;
		};
/* End PBXCopyFilesBuildPhase section */

/* Begin PBXFileReference section */
		FC43233F22E48B7A00676302 /* ReblazeSDK.framework */ = {isa = PBXFileReference; lastKnownFileType = wrapper.framework; path = ReblazeSDK.framework; sourceTree = "<group>"; };
		FC7924D82280472500F4CF03 /* ReblazeSDK-Example.app */ = {isa = PBXFileReference; explicitFileType = wrapper.application; includeInIndex = 0; path = "ReblazeSDK-Example.app"; sourceTree = BUILT_PRODUCTS_DIR; };
		FC7924DB2280472500F4CF03 /* AppDelegate.swift */ = {isa = PBXFileReference; lastKnownFileType = sourcecode.swift; path = AppDelegate.swift; sourceTree = "<group>"; };
		FC7924DD2280472500F4CF03 /* ViewController.swift */ = {isa = PBXFileReference; lastKnownFileType = sourcecode.swift; path = ViewController.swift; sourceTree = "<group>"; };
		FC7924E02280472500F4CF03 /* Base */ = {isa = PBXFileReference; lastKnownFileType = file.storyboard; name = Base; path = Base.lproj/Main.storyboard; sourceTree = "<group>"; };
		FC7924E22280472600F4CF03 /* Assets.xcassets */ = {isa = PBXFileReference; lastKnownFileType = folder.assetcatalog; path = Assets.xcassets; sourceTree = "<group>"; };
		FC7924E52280472600F4CF03 /* Base */ = {isa = PBXFileReference; lastKnownFileType = file.storyboard; name = Base; path = Base.lproj/LaunchScreen.storyboard; sourceTree = "<group>"; };
		FC7924E72280472600F4CF03 /* Info.plist */ = {isa = PBXFileReference; lastKnownFileType = text.plist.xml; path = Info.plist; sourceTree = "<group>"; };
		FC7924EC2280472600F4CF03 /* ReblazeSDK-ExampleTests.xctest */ = {isa = PBXFileReference; explicitFileType = wrapper.cfbundle; includeInIndex = 0; path = "ReblazeSDK-ExampleTests.xctest"; sourceTree = BUILT_PRODUCTS_DIR; };
		FC7924F02280472600F4CF03 /* ReblazeSDK_ExampleTests.swift */ = {isa = PBXFileReference; lastKnownFileType = sourcecode.swift; path = ReblazeSDK_ExampleTests.swift; sourceTree = "<group>"; };
		FC7924F22280472600F4CF03 /* Info.plist */ = {isa = PBXFileReference; lastKnownFileType = text.plist.xml; path = Info.plist; sourceTree = "<group>"; };
		FC7924F72280472600F4CF03 /* ReblazeSDK-ExampleUITests.xctest */ = {isa = PBXFileReference; explicitFileType = wrapper.cfbundle; includeInIndex = 0; path = "ReblazeSDK-ExampleUITests.xctest"; sourceTree = BUILT_PRODUCTS_DIR; };
		FC7924FB2280472600F4CF03 /* ReblazeSDK_ExampleUITests.swift */ = {isa = PBXFileReference; lastKnownFileType = sourcecode.swift; path = ReblazeSDK_ExampleUITests.swift; sourceTree = "<group>"; };
		FC7924FD2280472600F4CF03 /* Info.plist */ = {isa = PBXFileReference; lastKnownFileType = text.plist.xml; path = Info.plist; sourceTree = "<group>"; };
/* End PBXFileReference section */

/* Begin PBXFrameworksBuildPhase section */
		FC7924D52280472500F4CF03 /* Frameworks */ = {
			isa = PBXFrameworksBuildPhase;
			buildActionMask = 2147483647;
			files = (
				FC43234022E48B7A00676302 /* ReblazeSDK.framework in Frameworks */,
			);
			runOnlyForDeploymentPostprocessing = 0;
		};
		FC7924E92280472600F4CF03 /* Frameworks */ = {
			isa = PBXFrameworksBuildPhase;
			buildActionMask = 2147483647;
			files = (
			);
			runOnlyForDeploymentPostprocessing = 0;
		};
		FC7924F42280472600F4CF03 /* Frameworks */ = {
			isa = PBXFrameworksBuildPhase;
			buildActionMask = 2147483647;
			files = (
			);
			runOnlyForDeploymentPostprocessing = 0;
		};
/* End PBXFrameworksBuildPhase section */

/* Begin PBXGroup section */
		FC7924CF2280472500F4CF03 = {
			isa = PBXGroup;
			children = (
				FC43233F22E48B7A00676302 /* ReblazeSDK.framework */,
				FC7924DA2280472500F4CF03 /* ReblazeSDK-Example */,
				FC7924EF2280472600F4CF03 /* ReblazeSDK-ExampleTests */,
				FC7924FA2280472600F4CF03 /* ReblazeSDK-ExampleUITests */,
				FC7924D92280472500F4CF03 /* Products */,
			);
			sourceTree = "<group>";
		};
		FC7924D92280472500F4CF03 /* Products */ = {
			isa = PBXGroup;
			children = (
				FC7924D82280472500F4CF03 /* ReblazeSDK-Example.app */,
				FC7924EC2280472600F4CF03 /* ReblazeSDK-ExampleTests.xctest */,
				FC7924F72280472600F4CF03 /* ReblazeSDK-ExampleUITests.xctest */,
			);
			name = Products;
			sourceTree = "<group>";
		};
		FC7924DA2280472500F4CF03 /* ReblazeSDK-Example */ = {
			isa = PBXGroup;
			children = (
				FC7924DB2280472500F4CF03 /* AppDelegate.swift */,
				FC7924DD2280472500F4CF03 /* ViewController.swift */,
				FC7924DF2280472500F4CF03 /* Main.storyboard */,
				FC7924E22280472600F4CF03 /* Assets.xcassets */,
				FC7924E42280472600F4CF03 /* LaunchScreen.storyboard */,
				FC7924E72280472600F4CF03 /* Info.plist */,
			);
			path = "ReblazeSDK-Example";
			sourceTree = "<group>";
		};
		FC7924EF2280472600F4CF03 /* ReblazeSDK-ExampleTests */ = {
			isa = PBXGroup;
			children = (
				FC7924F02280472600F4CF03 /* ReblazeSDK_ExampleTests.swift */,
				FC7924F22280472600F4CF03 /* Info.plist */,
			);
			path = "ReblazeSDK-ExampleTests";
			sourceTree = "<group>";
		};
		FC7924FA2280472600F4CF03 /* ReblazeSDK-ExampleUITests */ = {
			isa = PBXGroup;
			children = (
				FC7924FB2280472600F4CF03 /* ReblazeSDK_ExampleUITests.swift */,
				FC7924FD2280472600F4CF03 /* Info.plist */,
			);
			path = "ReblazeSDK-ExampleUITests";
			sourceTree = "<group>";
		};
/* End PBXGroup section */

/* Begin PBXNativeTarget section */
		FC7924D72280472500F4CF03 /* ReblazeSDK-Example */ = {
			isa = PBXNativeTarget;
			buildConfigurationList = FC7925002280472600F4CF03 /* Build configuration list for PBXNativeTarget "ReblazeSDK-Example" */;
			buildPhases = (
				FC7924D42280472500F4CF03 /* Sources */,
				FC7924D52280472500F4CF03 /* Frameworks */,
				FC7924D62280472500F4CF03 /* Resources */,
				FC43234222E48B7A00676302 /* Embed Frameworks */,
			);
			buildRules = (
			);
			dependencies = (
			);
			name = "ReblazeSDK-Example";
			productName = "ReblazeSDK-Example";
			productReference = FC7924D82280472500F4CF03 /* ReblazeSDK-Example.app */;
			productType = "com.apple.product-type.application";
		};
		FC7924EB2280472600F4CF03 /* ReblazeSDK-ExampleTests */ = {
			isa = PBXNativeTarget;
			buildConfigurationList = FC7925032280472600F4CF03 /* Build configuration list for PBXNativeTarget "ReblazeSDK-ExampleTests" */;
			buildPhases = (
				FC7924E82280472600F4CF03 /* Sources */,
				FC7924E92280472600F4CF03 /* Frameworks */,
				FC7924EA2280472600F4CF03 /* Resources */,
			);
			buildRules = (
			);
			dependencies = (
				FC7924EE2280472600F4CF03 /* PBXTargetDependency */,
			);
			name = "ReblazeSDK-ExampleTests";
			productName = "ReblazeSDK-ExampleTests";
			productReference = FC7924EC2280472600F4CF03 /* ReblazeSDK-ExampleTests.xctest */;
			productType = "com.apple.product-type.bundle.unit-test";
		};
		FC7924F62280472600F4CF03 /* ReblazeSDK-ExampleUITests */ = {
			isa = PBXNativeTarget;
			buildConfigurationList = FC7925062280472600F4CF03 /* Build configuration list for PBXNativeTarget "ReblazeSDK-ExampleUITests" */;
			buildPhases = (
				FC7924F32280472600F4CF03 /* Sources */,
				FC7924F42280472600F4CF03 /* Frameworks */,
				FC7924F52280472600F4CF03 /* Resources */,
			);
			buildRules = (
			);
			dependencies = (
				FC7924F92280472600F4CF03 /* PBXTargetDependency */,
			);
			name = "ReblazeSDK-ExampleUITests";
			productName = "ReblazeSDK-ExampleUITests";
			productReference = FC7924F72280472600F4CF03 /* ReblazeSDK-ExampleUITests.xctest */;
			productType = "com.apple.product-type.bundle.ui-testing";
		};
/* End PBXNativeTarget section */

/* Begin PBXProject section */
		FC7924D02280472500F4CF03 /* Project object */ = {
			isa = PBXProject;
			attributes = {
				LastSwiftUpdateCheck = 1010;
				LastUpgradeCheck = 1010;
				ORGANIZATIONNAME = Moblers;
				TargetAttributes = {
					FC7924D72280472500F4CF03 = {
						CreatedOnToolsVersion = 10.1;
					};
					FC7924EB2280472600F4CF03 = {
						CreatedOnToolsVersion = 10.1;
						TestTargetID = FC7924D72280472500F4CF03;
					};
					FC7924F62280472600F4CF03 = {
						CreatedOnToolsVersion = 10.1;
						TestTargetID = FC7924D72280472500F4CF03;
					};
				};
			};
			buildConfigurationList = FC7924D32280472500F4CF03 /* Build configuration list for PBXProject "ReblazeSDK-Example" */;
			compatibilityVersion = "Xcode 9.3";
			developmentRegion = en;
			hasScannedForEncodings = 0;
			knownRegions = (
				en,
				Base,
			);
			mainGroup = FC7924CF2280472500F4CF03;
			productRefGroup = FC7924D92280472500F4CF03 /* Products */;
			projectDirPath = "";
			projectRoot = "";
			targets = (
				FC7924D72280472500F4CF03 /* ReblazeSDK-Example */,
				FC7924EB2280472600F4CF03 /* ReblazeSDK-ExampleTests */,
				FC7924F62280472600F4CF03 /* ReblazeSDK-ExampleUITests */,
			);
		};
/* End PBXProject section */

/* Begin PBXResourcesBuildPhase section */
		FC7924D62280472500F4CF03 /* Resources */ = {
			isa = PBXResourcesBuildPhase;
			buildActionMask = 2147483647;
			files = (
				FC7924E62280472600F4CF03 /* LaunchScreen.storyboard in Resources */,
				FC7924E32280472600F4CF03 /* Assets.xcassets in Resources */,
				FC7924E12280472500F4CF03 /* Main.storyboard in Resources */,
			);
			runOnlyForDeploymentPostprocessing = 0;
		};
		FC7924EA2280472600F4CF03 /* Resources */ = {
			isa = PBXResourcesBuildPhase;
			buildActionMask = 2147483647;
			files = (
			);
			runOnlyForDeploymentPostprocessing = 0;
		};
		FC7924F52280472600F4CF03 /* Resources */ = {
			isa = PBXResourcesBuildPhase;
			buildActionMask = 2147483647;
			files = (
			);
			runOnlyForDeploymentPostprocessing = 0;
		};
/* End PBXResourcesBuildPhase section */

/* Begin PBXSourcesBuildPhase section */
		FC7924D42280472500F4CF03 /* Sources */ = {
			isa = PBXSourcesBuildPhase;
			buildActionMask = 2147483647;
			files = (
				FC7924DE2280472500F4CF03 /* ViewController.swift in Sources */,
				FC7924DC2280472500F4CF03 /* AppDelegate.swift in Sources */,
			);
			runOnlyForDeploymentPostprocessing = 0;
		};
		FC7924E82280472600F4CF03 /* Sources */ = {
			isa = PBXSourcesBuildPhase;
			buildActionMask = 2147483647;
			files = (
				FC7924F12280472600F4CF03 /* ReblazeSDK_ExampleTests.swift in Sources */,
			);
			runOnlyForDeploymentPostprocessing = 0;
		};
		FC7924F32280472600F4CF03 /* Sources */ = {
			isa = PBXSourcesBuildPhase;
			buildActionMask = 2147483647;
			files = (
				FC7924FC2280472600F4CF03 /* ReblazeSDK_ExampleUITests.swift in Sources */,
			);
			runOnlyForDeploymentPostprocessing = 0;
		};
/* End PBXSourcesBuildPhase section */

/* Begin PBXTargetDependency section */
		FC7924EE2280472600F4CF03 /* PBXTargetDependency */ = {
			isa = PBXTargetDependency;
			target = FC7924D72280472500F4CF03 /* ReblazeSDK-Example */;
			targetProxy = FC7924ED2280472600F4CF03 /* PBXContainerItemProxy */;
		};
		FC7924F92280472600F4CF03 /* PBXTargetDependency */ = {
			isa = PBXTargetDependency;
			target = FC7924D72280472500F4CF03 /* ReblazeSDK-Example */;
			targetProxy = FC7924F82280472600F4CF03 /* PBXContainerItemProxy */;
		};
/* End PBXTargetDependency section */

/* Begin PBXVariantGroup section */
		FC7924DF2280472500F4CF03 /* Main.storyboard */ = {
			isa = PBXVariantGroup;
			children = (
				FC7924E02280472500F4CF03 /* Base */,
			);
			name = Main.storyboard;
			sourceTree = "<group>";
		};
		FC7924E42280472600F4CF03 /* LaunchScreen.storyboard */ = {
			isa = PBXVariantGroup;
			children = (
				FC7924E52280472600F4CF03 /* Base */,
			);
			name = LaunchScreen.storyboard;
			sourceTree = "<group>";
		};
/* End PBXVariantGroup section */

/* Begin XCBuildConfiguration section */
		FC7924FE2280472600F4CF03 /* Debug */ = {
			isa = XCBuildConfiguration;
			buildSettings = {
				ALWAYS_SEARCH_USER_PATHS = NO;
				CLANG_ANALYZER_NONNULL = YES;
				CLANG_ANALYZER_NUMBER_OBJECT_CONVERSION = YES_AGGRESSIVE;
				CLANG_CXX_LANGUAGE_STANDARD = "gnu++14";
				CLANG_CXX_LIBRARY = "libc++";
				CLANG_ENABLE_MODULES = YES;
				CLANG_ENABLE_OBJC_ARC = YES;
				CLANG_ENABLE_OBJC_WEAK = YES;
				CLANG_WARN_BLOCK_CAPTURE_AUTORELEASING = YES;
				CLANG_WARN_BOOL_CONVERSION = YES;
				CLANG_WARN_COMMA = YES;
				CLANG_WARN_CONSTANT_CONVERSION = YES;
				CLANG_WARN_DEPRECATED_OBJC_IMPLEMENTATIONS = YES;
				CLANG_WARN_DIRECT_OBJC_ISA_USAGE = YES_ERROR;
				CLANG_WARN_DOCUMENTATION_COMMENTS = YES;
				CLANG_WARN_EMPTY_BODY = YES;
				CLANG_WARN_ENUM_CONVERSION = YES;
				CLANG_WARN_INFINITE_RECURSION = YES;
				CLANG_WARN_INT_CONVERSION = YES;
				CLANG_WARN_NON_LITERAL_NULL_CONVERSION = YES;
				CLANG_WARN_OBJC_IMPLICIT_RETAIN_SELF = YES;
				CLANG_WARN_OBJC_LITERAL_CONVERSION = YES;
				CLANG_WARN_OBJC_ROOT_CLASS = YES_ERROR;
				CLANG_WARN_RANGE_LOOP_ANALYSIS = YES;
				CLANG_WARN_STRICT_PROTOTYPES = YES;
				CLANG_WARN_SUSPICIOUS_MOVE = YES;
				CLANG_WARN_UNGUARDED_AVAILABILITY = YES_AGGRESSIVE;
				CLANG_WARN_UNREACHABLE_CODE = YES;
				CLANG_WARN__DUPLICATE_METHOD_MATCH = YES;
				CODE_SIGN_IDENTITY = "iPhone Developer";
				COPY_PHASE_STRIP = NO;
				DEBUG_INFORMATION_FORMAT = dwarf;
				ENABLE_STRICT_OBJC_MSGSEND = YES;
				ENABLE_TESTABILITY = YES;
				GCC_C_LANGUAGE_STANDARD = gnu11;
				GCC_DYNAMIC_NO_PIC = NO;
				GCC_NO_COMMON_BLOCKS = YES;
				GCC_OPTIMIZATION_LEVEL = 0;
				GCC_PREPROCESSOR_DEFINITIONS = (
					"DEBUG=1",
					"$(inherited)",
				);
				GCC_WARN_64_TO_32_BIT_CONVERSION = YES;
				GCC_WARN_ABOUT_RETURN_TYPE = YES_ERROR;
				GCC_WARN_UNDECLARED_SELECTOR = YES;
				GCC_WARN_UNINITIALIZED_AUTOS = YES_AGGRESSIVE;
				GCC_WARN_UNUSED_FUNCTION = YES;
				GCC_WARN_UNUSED_VARIABLE = YES;
				IPHONEOS_DEPLOYMENT_TARGET = 12.1;
				MTL_ENABLE_DEBUG_INFO = INCLUDE_SOURCE;
				MTL_FAST_MATH = YES;
				ONLY_ACTIVE_ARCH = YES;
				SDKROOT = iphoneos;
				SWIFT_ACTIVE_COMPILATION_CONDITIONS = DEBUG;
				SWIFT_OPTIMIZATION_LEVEL = "-Onone";
			};
			name = Debug;
		};
		FC7924FF2280472600F4CF03 /* Release */ = {
			isa = XCBuildConfiguration;
			buildSettings = {
				ALWAYS_SEARCH_USER_PATHS = NO;
				CLANG_ANALYZER_NONNULL = YES;
				CLANG_ANALYZER_NUMBER_OBJECT_CONVERSION = YES_AGGRESSIVE;
				CLANG_CXX_LANGUAGE_STANDARD = "gnu++14";
				CLANG_CXX_LIBRARY = "libc++";
				CLANG_ENABLE_MODULES = YES;
				CLANG_ENABLE_OBJC_ARC = YES;
				CLANG_ENABLE_OBJC_WEAK = YES;
				CLANG_WARN_BLOCK_CAPTURE_AUTORELEASING = YES;
				CLANG_WARN_BOOL_CONVERSION = YES;
				CLANG_WARN_COMMA = YES;
				CLANG_WARN_CONSTANT_CONVERSION = YES;
				CLANG_WARN_DEPRECATED_OBJC_IMPLEMENTATIONS = YES;
				CLANG_WARN_DIRECT_OBJC_ISA_USAGE = YES_ERROR;
				CLANG_WARN_DOCUMENTATION_COMMENTS = YES;
				CLANG_WARN_EMPTY_BODY = YES;
				CLANG_WARN_ENUM_CONVERSION = YES;
				CLANG_WARN_INFINITE_RECURSION = YES;
				CLANG_WARN_INT_CONVERSION = YES;
				CLANG_WARN_NON_LITERAL_NULL_CONVERSION = YES;
				CLANG_WARN_OBJC_IMPLICIT_RETAIN_SELF = YES;
				CLANG_WARN_OBJC_LITERAL_CONVERSION = YES;
				CLANG_WARN_OBJC_ROOT_CLASS = YES_ERROR;
				CLANG_WARN_RANGE_LOOP_ANALYSIS = YES;
				CLANG_WARN_STRICT_PROTOTYPES = YES;
				CLANG_WARN_SUSPICIOUS_MOVE = YES;
				CLANG_WARN_UNGUARDED_AVAILABILITY = YES_AGGRESSIVE;
				CLANG_WARN_UNREACHABLE_CODE = YES;
				CLANG_WARN__DUPLICATE_METHOD_MATCH = YES;
				CODE_SIGN_IDENTITY = "iPhone Developer";
				COPY_PHASE_STRIP = NO;
				DEBUG_INFORMATION_FORMAT = "dwarf-with-dsym";
				ENABLE_NS_ASSERTIONS = NO;
				ENABLE_STRICT_OBJC_MSGSEND = YES;
				GCC_C_LANGUAGE_STANDARD = gnu11;
				GCC_NO_COMMON_BLOCKS = YES;
				GCC_WARN_64_TO_32_BIT_CONVERSION = YES;
				GCC_WARN_ABOUT_RETURN_TYPE = YES_ERROR;
				GCC_WARN_UNDECLARED_SELECTOR = YES;
				GCC_WARN_UNINITIALIZED_AUTOS = YES_AGGRESSIVE;
				GCC_WARN_UNUSED_FUNCTION = YES;
				GCC_WARN_UNUSED_VARIABLE = YES;
				IPHONEOS_DEPLOYMENT_TARGET = 12.1;
				MTL_ENABLE_DEBUG_INFO = NO;
				MTL_FAST_MATH = YES;
				SDKROOT = iphoneos;
				SWIFT_COMPILATION_MODE = wholemodule;
				SWIFT_OPTIMIZATION_LEVEL = "-O";
				VALIDATE_PRODUCT = YES;
			};
			name = Release;
		};
		FC7925012280472600F4CF03 /* Debug */ = {
			isa = XCBuildConfiguration;
			buildSettings = {
				ASSETCATALOG_COMPILER_APPICON_NAME = AppIcon;
				CODE_SIGN_STYLE = Automatic;
				DEVELOPMENT_TEAM = U5D5RL4MNC;
				FRAMEWORK_SEARCH_PATHS = (
					"$(inherited)",
					"$(PROJECT_DIR)/ReblazeSDK-Example",
					"$(PROJECT_DIR)",
				);
				INFOPLIST_FILE = "ReblazeSDK-Example/Info.plist";
				IPHONEOS_DEPLOYMENT_TARGET = 9.0;
				LD_RUNPATH_SEARCH_PATHS = (
					"$(inherited)",
					"@executable_path/Frameworks",
				);
				PRODUCT_BUNDLE_IDENTIFIER = "com.moblers.ReblazeSDK-Example";
				PRODUCT_NAME = "$(TARGET_NAME)";
				SWIFT_VERSION = 4.2;
				TARGETED_DEVICE_FAMILY = "1,2";
			};
			name = Debug;
		};
		FC7925022280472600F4CF03 /* Release */ = {
			isa = XCBuildConfiguration;
			buildSettings = {
				ASSETCATALOG_COMPILER_APPICON_NAME = AppIcon;
				CODE_SIGN_STYLE = Automatic;
				DEVELOPMENT_TEAM = U5D5RL4MNC;
				FRAMEWORK_SEARCH_PATHS = (
					"$(inherited)",
					"$(PROJECT_DIR)/ReblazeSDK-Example",
					"$(PROJECT_DIR)",
				);
				INFOPLIST_FILE = "ReblazeSDK-Example/Info.plist";
				IPHONEOS_DEPLOYMENT_TARGET = 9.0;
				LD_RUNPATH_SEARCH_PATHS = (
					"$(inherited)",
					"@executable_path/Frameworks",
				);
				PRODUCT_BUNDLE_IDENTIFIER = "com.moblers.ReblazeSDK-Example";
				PRODUCT_NAME = "$(TARGET_NAME)";
				SWIFT_VERSION = 4.2;
				TARGETED_DEVICE_FAMILY = "1,2";
			};
			name = Release;
		};
		FC7925042280472600F4CF03 /* Debug */ = {
			isa = XCBuildConfiguration;
			buildSettings = {
				ALWAYS_EMBED_SWIFT_STANDARD_LIBRARIES = YES;
				BUNDLE_LOADER = "$(TEST_HOST)";
				CODE_SIGN_STYLE = Automatic;
				DEVELOPMENT_TEAM = U5D5RL4MNC;
				INFOPLIST_FILE = "ReblazeSDK-ExampleTests/Info.plist";
				LD_RUNPATH_SEARCH_PATHS = (
					"$(inherited)",
					"@executable_path/Frameworks",
					"@loader_path/Frameworks",
				);
				PRODUCT_BUNDLE_IDENTIFIER = "com.moblers.ReblazeSDK-ExampleTests";
				PRODUCT_NAME = "$(TARGET_NAME)";
				SWIFT_VERSION = 4.2;
				TARGETED_DEVICE_FAMILY = "1,2";
				TEST_HOST = "$(BUILT_PRODUCTS_DIR)/ReblazeSDK-Example.app/ReblazeSDK-Example";
			};
			name = Debug;
		};
		FC7925052280472600F4CF03 /* Release */ = {
			isa = XCBuildConfiguration;
			buildSettings = {
				ALWAYS_EMBED_SWIFT_STANDARD_LIBRARIES = YES;
				BUNDLE_LOADER = "$(TEST_HOST)";
				CODE_SIGN_STYLE = Automatic;
				DEVELOPMENT_TEAM = U5D5RL4MNC;
				INFOPLIST_FILE = "ReblazeSDK-ExampleTests/Info.plist";
				LD_RUNPATH_SEARCH_PATHS = (
					"$(inherited)",
					"@executable_path/Frameworks",
					"@loader_path/Frameworks",
				);
				PRODUCT_BUNDLE_IDENTIFIER = "com.moblers.ReblazeSDK-ExampleTests";
				PRODUCT_NAME = "$(TARGET_NAME)";
				SWIFT_VERSION = 4.2;
				TARGETED_DEVICE_FAMILY = "1,2";
				TEST_HOST = "$(BUILT_PRODUCTS_DIR)/ReblazeSDK-Example.app/ReblazeSDK-Example";
			};
			name = Release;
		};
		FC7925072280472600F4CF03 /* Debug */ = {
			isa = XCBuildConfiguration;
			buildSettings = {
				ALWAYS_EMBED_SWIFT_STANDARD_LIBRARIES = YES;
				CODE_SIGN_STYLE = Automatic;
				DEVELOPMENT_TEAM = U5D5RL4MNC;
				INFOPLIST_FILE = "ReblazeSDK-ExampleUITests/Info.plist";
				LD_RUNPATH_SEARCH_PATHS = (
					"$(inherited)",
					"@executable_path/Frameworks",
					"@loader_path/Frameworks",
				);
				PRODUCT_BUNDLE_IDENTIFIER = "com.moblers.ReblazeSDK-ExampleUITests";
				PRODUCT_NAME = "$(TARGET_NAME)";
				SWIFT_VERSION = 4.2;
				TARGETED_DEVICE_FAMILY = "1,2";
				TEST_TARGET_NAME = "ReblazeSDK-Example";
			};
			name = Debug;
		};
		FC7925082280472600F4CF03 /* Release */ = {
			isa = XCBuildConfiguration;
			buildSettings = {
				ALWAYS_EMBED_SWIFT_STANDARD_LIBRARIES = YES;
				CODE_SIGN_STYLE = Automatic;
				DEVELOPMENT_TEAM = U5D5RL4MNC;
				INFOPLIST_FILE = "ReblazeSDK-ExampleUITests/Info.plist";
				LD_RUNPATH_SEARCH_PATHS = (
					"$(inherited)",
					"@executable_path/Frameworks",
					"@loader_path/Frameworks",
				);
				PRODUCT_BUNDLE_IDENTIFIER = "com.moblers.ReblazeSDK-ExampleUITests";
				PRODUCT_NAME = "$(TARGET_NAME)";
				SWIFT_VERSION = 4.2;
				TARGETED_DEVICE_FAMILY = "1,2";
				TEST_TARGET_NAME = "ReblazeSDK-Example";
			};
			name = Release;
		};
/* End XCBuildConfiguration section */

/* Begin XCConfigurationList section */
		FC7924D32280472500F4CF03 /* Build configuration list for PBXProject "ReblazeSDK-Example" */ = {
			isa = XCConfigurationList;
			buildConfigurations = (
				FC7924FE2280472600F4CF03 /* Debug */,
				FC7924FF2280472600F4CF03 /* Release */,
			);
			defaultConfigurationIsVisible = 0;
			defaultConfigurationName = Release;
		};
		FC7925002280472600F4CF03 /* Build configuration list for PBXNativeTarget "ReblazeSDK-Example" */ = {
			isa = XCConfigurationList;
			buildConfigurations = (
				FC7925012280472600F4CF03 /* Debug */,
				FC7925022280472600F4CF03 /* Release */,
			);
			defaultConfigurationIsVisible = 0;
			defaultConfigurationName = Release;
		};
		FC7925032280472600F4CF03 /* Build configuration list for PBXNativeTarget "ReblazeSDK-ExampleTests" */ = {
			isa = XCConfigurationList;
			buildConfigurations = (
				FC7925042280472600F4CF03 /* Debug */,
				FC7925052280472600F4CF03 /* Release */,
			);
			defaultConfigurationIsVisible = 0;
			defaultConfigurationName = Release;
		};
		FC7925062280472600F4CF03 /* Build configuration list for PBXNativeTarget "ReblazeSDK-ExampleUITests" */ = {
			isa = XCConfigurationList;
			buildConfigurations = (
				FC7925072280472600F4CF03 /* Debug */,
				FC7925082280472600F4CF03 /* Release */,
			);
			defaultConfigurationIsVisible = 0;
			defaultConfigurationName = Release;
		};
/* End XCConfigurationList section */
	};
	rootObject = FC7924D02280472500F4CF03 /* Project object */;
}
